<?xml version="1.0" encoding="utf-8"?>
<Project ToolsVersion="4.0" xmlns="http://schemas.microsoft.com/developer/msbuild/2003">
  <ItemGroup>
    <Filter Include="Source Files">
      <UniqueIdentifier>{4FC737F1-C7A5-4376-A066-2A32D752A2FF}</UniqueIdentifier>
      <Extensions>cpp;c;cc;cxx;def;odl;idl;hpj;bat;asm;asmx</Extensions>
    </Filter>
    <Filter Include="Header Files">
      <UniqueIdentifier>{93995380-89BD-4b04-88EB-625FBE52EBFB}</UniqueIdentifier>
      <Extensions>h;hpp;hxx;hm;inl;inc;xsd</Extensions>
    </Filter>
    <Filter Include="Win32Res">
      <UniqueIdentifier>{67DA6AB6-F800-4c08-8B7A-83BB121AAD01}</UniqueIdentifier>
      <Extensions>rc;ico;cur;bmp;dlg;rc2;rct;bin;rgs;gif;jpg;jpeg;jpe;resx;tiff;tif;png;wav</Extensions>
    </Filter>
    <Filter Include="Resources">
      <UniqueIdentifier>{6a42f37d-2c51-4783-91b2-adc923e5c09d}</UniqueIdentifier>
    </Filter>
    <Filter Include="Resources\Shaders">
      <UniqueIdentifier>{2282dbff-09d2-4dc5-9e1d-e8b68f4514a1}</UniqueIdentifier>
    </Filter>
    <Filter Include="Header Files\ResourceManager">
      <UniqueIdentifier>{b3beba82-15a6-4f61-be67-85ec85704173}</UniqueIdentifier>
    </Filter>
    <Filter Include="Source Files\ResourceManager">
      <UniqueIdentifier>{cc99e06b-48ef-4909-a615-614c7c036249}</UniqueIdentifier>
    </Filter>
    <Filter Include="Header Files\InputManager">
      <UniqueIdentifier>{fa6e0276-e9b9-49fd-bfe4-3d7a85d5ba23}</UniqueIdentifier>
    </Filter>
    <Filter Include="Header Files\StateManager">
      <UniqueIdentifier>{9ec96b8e-a4c0-49a9-a2c4-6e2ddd32cca3}</UniqueIdentifier>
    </Filter>
    <Filter Include="Header Files\GraphicEngine">
      <UniqueIdentifier>{e18201db-e838-4474-90ab-433eb24e466e}</UniqueIdentifier>
    </Filter>
    <Filter Include="Header Files\PhysicEngine">
      <UniqueIdentifier>{96aacf55-f55e-484a-92ec-8c72493ab132}</UniqueIdentifier>
    </Filter>
    <Filter Include="Source Files\InputManager">
      <UniqueIdentifier>{0232ceaf-9a66-4744-8b6e-4b10e681754f}</UniqueIdentifier>
    </Filter>
    <Filter Include="Source Files\StateManager">
      <UniqueIdentifier>{30753610-1cec-4ccb-831c-498bfe689e41}</UniqueIdentifier>
    </Filter>
    <Filter Include="Source Files\GraphicEngine">
      <UniqueIdentifier>{955ae037-1490-4f86-829e-d13301d3abff}</UniqueIdentifier>
    </Filter>
    <Filter Include="Header Files\SoundEngine">
      <UniqueIdentifier>{36ccaca8-9068-4e3a-a90c-7f3909bfe1d5}</UniqueIdentifier>
    </Filter>
    <Filter Include="Source Files\SoundEngine">
      <UniqueIdentifier>{e51379d0-5d1e-4cd6-80ad-fd4568228982}</UniqueIdentifier>
    </Filter>
    <Filter Include="Header Files\_template">
      <UniqueIdentifier>{0cd3f463-02b2-4d55-94c2-0b2d89185b54}</UniqueIdentifier>
    </Filter>
    <Filter Include="Header Files\StateManager\States">
      <UniqueIdentifier>{507046d3-7c38-4add-b5f7-43616e9307ad}</UniqueIdentifier>
    </Filter>
    <Filter Include="Source Files\StateManager\States">
      <UniqueIdentifier>{663341c8-b82e-4b10-b74d-7fb3b418ed7b}</UniqueIdentifier>
    </Filter>
    <Filter Include="Source Files\PhysicEngine">
      <UniqueIdentifier>{593a9d46-3e4c-4076-9dd6-a49f3693ce9e}</UniqueIdentifier>
    </Filter>
    <Filter Include="Header Files\Objects">
      <UniqueIdentifier>{b42d8823-f8c4-434f-b663-82ae3d5d3c28}</UniqueIdentifier>
    </Filter>
    <Filter Include="Header Files\Objects\UI">
      <UniqueIdentifier>{65cb8dd4-25a8-4e0c-802a-7f2a5d36e3c7}</UniqueIdentifier>
    </Filter>
    <Filter Include="Header Files\Objects\Skills">
      <UniqueIdentifier>{7c03264f-5b99-4931-9e3e-5f52840be176}</UniqueIdentifier>
    </Filter>
    <Filter Include="Source Files\Objects">
      <UniqueIdentifier>{9507b93b-548c-40cf-83b7-68611096c43c}</UniqueIdentifier>
    </Filter>
    <Filter Include="Source Files\Objects\Skills">
      <UniqueIdentifier>{678d9ae2-5575-491a-8b91-39640bd912a9}</UniqueIdentifier>
    </Filter>
    <Filter Include="Source Files\Objects\Character">
      <UniqueIdentifier>{41393521-8bcc-46fb-89aa-10d992b1e1fa}</UniqueIdentifier>
    </Filter>
    <Filter Include="Header Files\Objects\Characters">
      <UniqueIdentifier>{f38ea6df-833d-45d2-8032-64dc36f9b2b7}</UniqueIdentifier>
    </Filter>
    <Filter Include="Header Files\Objects\Drops">
      <UniqueIdentifier>{ac68464f-18bc-4e6c-ae6a-86c7b296dced}</UniqueIdentifier>
    </Filter>
    <Filter Include="Header Files\Objects\Traps">
      <UniqueIdentifier>{1358ecea-3837-4632-b44a-b13fe6aa5f6a}</UniqueIdentifier>
    </Filter>
    <Filter Include="Source Files\Objects\Drops">
      <UniqueIdentifier>{33d6bc42-85c3-4616-a50b-11545106e552}</UniqueIdentifier>
    </Filter>
    <Filter Include="Source Files\Objects\Traps">
      <UniqueIdentifier>{5b21f7d6-e5dd-4a4f-bf90-faa526631ff9}</UniqueIdentifier>
    </Filter>
    <Filter Include="Source Files\Objects\UI">
      <UniqueIdentifier>{b62fffcd-457f-40f7-8d86-7693be068460}</UniqueIdentifier>
    </Filter>
    <Filter Include="Resources\States">
      <UniqueIdentifier>{22297199-d165-44f5-9e4a-46dcecd55317}</UniqueIdentifier>
    </Filter>
  </ItemGroup>
  <ItemGroup>
    <ClCompile Include="stdafx.cpp">
      <Filter>Source Files</Filter>
    </ClCompile>
    <ClCompile Include="TrainingFramework.cpp">
      <Filter>Source Files</Filter>
    </ClCompile>
    <ClCompile Include="Model.cpp">
      <Filter>Source Files\ResourceManager</Filter>
    </ClCompile>
    <ClCompile Include="ResourceManager.cpp">
      <Filter>Source Files\ResourceManager</Filter>
    </ClCompile>
    <ClCompile Include="Shaders.cpp">
      <Filter>Source Files\ResourceManager</Filter>
    </ClCompile>
    <ClCompile Include="Frame.cpp">
      <Filter>Source Files\ResourceManager</Filter>
    </ClCompile>
    <ClCompile Include="Animation.cpp">
      <Filter>Source Files\ResourceManager</Filter>
    </ClCompile>
    <ClCompile Include="Prefab.cpp">
      <Filter>Source Files\ResourceManager</Filter>
    </ClCompile>
    <ClCompile Include="StateManager.cpp">
      <Filter>Source Files\StateManager</Filter>
    </ClCompile>
    <ClCompile Include="Renderer.cpp">
      <Filter>Source Files\GraphicEngine</Filter>
    </ClCompile>
    <ClCompile Include="InputManager.cpp">
      <Filter>Source Files\InputManager</Filter>
    </ClCompile>
    <ClCompile Include="SoundEngine.cpp">
      <Filter>Source Files\SoundEngine</Filter>
    </ClCompile>
    <ClCompile Include="Camera.cpp">
      <Filter>Source Files\Objects</Filter>
    </ClCompile>
    <ClCompile Include="Object.cpp">
      <Filter>Source Files\Objects</Filter>
    </ClCompile>
    <ClCompile Include="Sound.cpp">
      <Filter>Source Files\SoundEngine</Filter>
    </ClCompile>
    <ClCompile Include="CollisionManager.cpp">
      <Filter>Source Files\PhysicEngine</Filter>
    </ClCompile>
    <ClCompile Include="Room.cpp">
      <Filter>Source Files\Objects</Filter>
    </ClCompile>
    <ClCompile Include="StatePlay.cpp">
      <Filter>Source Files\StateManager\States</Filter>
    </ClCompile>
    <ClCompile Include="Skill.cpp">
      <Filter>Source Files\Objects\Skills</Filter>
    </ClCompile>
    <ClCompile Include="AoeSkill.cpp">
      <Filter>Source Files\Objects\Skills</Filter>
    </ClCompile>
    <ClCompile Include="BulletSkill.cpp">
      <Filter>Source Files\Objects\Skills</Filter>
    </ClCompile>
    <ClCompile Include="Character.cpp">
      <Filter>Source Files\Objects\Character</Filter>
    </ClCompile>
    <ClCompile Include="Enemy.cpp">
      <Filter>Source Files\Objects\Character</Filter>
    </ClCompile>
    <ClCompile Include="Player.cpp">
      <Filter>Source Files\Objects\Character</Filter>
    </ClCompile>
    <ClCompile Include="BombTrap.cpp">
      <Filter>Source Files\Objects\Traps</Filter>
    </ClCompile>
    <ClCompile Include="SpikeTrap.cpp">
      <Filter>Source Files\Objects\Traps</Filter>
    </ClCompile>
    <ClCompile Include="Button.cpp">
      <Filter>Source Files\Objects\UI</Filter>
    </ClCompile>
    <ClCompile Include="Drop.cpp">
      <Filter>Source Files\Objects\Drops</Filter>
    </ClCompile>
    <ClCompile Include="Gold.cpp">
      <Filter>Source Files\Objects\Drops</Filter>
    </ClCompile>
    <ClCompile Include="HPPotion.cpp">
      <Filter>Source Files\Objects\Drops</Filter>
    </ClCompile>
    <ClCompile Include="MPPotion.cpp">
      <Filter>Source Files\Objects\Drops</Filter>
    </ClCompile>
    <ClCompile Include="Fader.cpp">
      <Filter>Source Files\Objects\UI</Filter>
    </ClCompile>
    <ClCompile Include="Text.cpp">
      <Filter>Source Files\Objects\UI</Filter>
    </ClCompile>
    <ClCompile Include="StateLogo.cpp">
      <Filter>Source Files\StateManager\States</Filter>
    </ClCompile>
    <ClCompile Include="StateWelcome.cpp">
      <Filter>Source Files\StateManager\States</Filter>
    </ClCompile>
    <ClCompile Include="Trap.cpp">
      <Filter>Source Files\Objects\Traps</Filter>
    </ClCompile>
    <ClCompile Include="Widget.cpp">
      <Filter>Source Files\Objects\UI</Filter>
    </ClCompile>
    <ClCompile Include="Font.cpp">
      <Filter>Source Files\ResourceManager</Filter>
    </ClCompile>
    <ClCompile Include="Bar.cpp">
      <Filter>Source Files\Objects\UI</Filter>
    </ClCompile>
    <ClCompile Include="StateLoad.cpp">
      <Filter>Source Files\StateManager\States</Filter>
    </ClCompile>
    <ClCompile Include="MiniMap.cpp">
      <Filter>Source Files\Objects\UI</Filter>
    </ClCompile>
    <ClCompile Include="Goblin.cpp">
      <Filter>Source Files\Objects\Character</Filter>
    </ClCompile>
    <ClCompile Include="RobotKnight.cpp">
      <Filter>Source Files\Objects\Character</Filter>
    </ClCompile>
    <ClCompile Include="Skeleton.cpp">
      <Filter>Source Files\Objects\Character</Filter>
    </ClCompile>
    <ClCompile Include="Chest.cpp">
      <Filter>Source Files\Objects\Traps</Filter>
    </ClCompile>
    <ClCompile Include="ArrowTower.cpp">
      <Filter>Source Files\Objects\Traps</Filter>
    </ClCompile>
    <ClCompile Include="Arrow.cpp">
      <Filter>Source Files\Objects\Traps</Filter>
    </ClCompile>
    <ClCompile Include="Decorations.cpp">
      <Filter>Source Files\Objects</Filter>
    </ClCompile>
    <ClCompile Include="StateShop.cpp">
      <Filter>Source Files\StateManager\States</Filter>
    </ClCompile>
    <ClCompile Include="Witch.cpp">
      <Filter>Source Files\Objects\Character</Filter>
    </ClCompile>
    <ClCompile Include="StateResult.cpp">
      <Filter>Source Files\StateManager\States</Filter>
    </ClCompile>
    <ClCompile Include="Effect.cpp">
      <Filter>Source Files\Objects\Skills</Filter>
    </ClCompile>
    <ClCompile Include="CPlant.cpp">
      <Filter>Source Files\Objects\Character</Filter>
    </ClCompile>
    <ClCompile Include="Frogman.cpp">
      <Filter>Source Files\Objects\Character</Filter>
    </ClCompile>
    <ClCompile Include="Orcman.cpp">
      <Filter>Source Files\Objects\Character</Filter>
    </ClCompile>
    <ClCompile Include="Gate.cpp">
      <Filter>Source Files\Objects\Traps</Filter>
    </ClCompile>
    <ClCompile Include="Key.cpp">
      <Filter>Source Files\Objects\Drops</Filter>
    </ClCompile>
    <ClCompile Include="SkillID.cpp">
      <Filter>Source Files\Objects\Skills</Filter>
    </ClCompile>
  </ItemGroup>
  <ItemGroup>
    <ClInclude Include="Globals.h">
      <Filter>Header Files</Filter>
    </ClInclude>
    <ClInclude Include="stdafx.h">
      <Filter>Header Files</Filter>
    </ClInclude>
    <ClInclude Include="targetver.h">
      <Filter>Header Files</Filter>
    </ClInclude>
    <ClInclude Include="define.h">
      <Filter>Header Files</Filter>
    </ClInclude>
    <ClInclude Include="Model.h">
      <Filter>Header Files\ResourceManager</Filter>
    </ClInclude>
    <ClInclude Include="ResourceManager.h">
      <Filter>Header Files\ResourceManager</Filter>
    </ClInclude>
    <ClInclude Include="Shaders.h">
      <Filter>Header Files\ResourceManager</Filter>
    </ClInclude>
    <ClInclude Include="Vertex.h">
      <Filter>Header Files\ResourceManager</Filter>
    </ClInclude>
    <ClInclude Include="Frame.h">
      <Filter>Header Files\ResourceManager</Filter>
    </ClInclude>
    <ClInclude Include="Animation.h">
      <Filter>Header Files\ResourceManager</Filter>
    </ClInclude>
    <ClInclude Include="Prefab.h">
      <Filter>Header Files\ResourceManager</Filter>
    </ClInclude>
    <ClInclude Include="InputManager.h">
      <Filter>Header Files\InputManager</Filter>
    </ClInclude>
    <ClInclude Include="Renderer.h">
      <Filter>Header Files\GraphicEngine</Filter>
    </ClInclude>
    <ClInclude Include="SoundEngine.h">
      <Filter>Header Files\SoundEngine</Filter>
    </ClInclude>
    <ClInclude Include="Singleton.h">
      <Filter>Header Files\_template</Filter>
    </ClInclude>
    <ClInclude Include="StateBase.h">
      <Filter>Header Files\_template</Filter>
    </ClInclude>
    <ClInclude Include="Object.h">
      <Filter>Header Files\Objects</Filter>
    </ClInclude>
    <ClInclude Include="Sound.h">
      <Filter>Header Files\SoundEngine</Filter>
    </ClInclude>
    <ClInclude Include="StateManager.h">
      <Filter>Header Files\StateManager</Filter>
    </ClInclude>
    <ClInclude Include="CollisionManager.h">
      <Filter>Header Files\PhysicEngine</Filter>
    </ClInclude>
    <ClInclude Include="StatePlay.h">
      <Filter>Header Files\StateManager\States</Filter>
    </ClInclude>
    <ClInclude Include="Skill.h">
      <Filter>Header Files\Objects\Skills</Filter>
    </ClInclude>
    <ClInclude Include="AoeSkill.h">
      <Filter>Header Files\Objects\Skills</Filter>
    </ClInclude>
    <ClInclude Include="BulletSkill.h">
      <Filter>Header Files\Objects\Skills</Filter>
    </ClInclude>
    <ClInclude Include="Camera.h">
      <Filter>Header Files\Objects</Filter>
    </ClInclude>
    <ClInclude Include="Room.h">
      <Filter>Header Files\Objects</Filter>
    </ClInclude>
    <ClInclude Include="Button.h">
      <Filter>Header Files\Objects\UI</Filter>
    </ClInclude>
    <ClInclude Include="Fader.h">
      <Filter>Header Files\Objects\UI</Filter>
    </ClInclude>
    <ClInclude Include="Text.h">
      <Filter>Header Files\Objects\UI</Filter>
    </ClInclude>
    <ClInclude Include="Widget.h">
      <Filter>Header Files\Objects\UI</Filter>
    </ClInclude>
    <ClInclude Include="Character.h">
      <Filter>Header Files\Objects\Characters</Filter>
    </ClInclude>
    <ClInclude Include="Enemy.h">
      <Filter>Header Files\Objects\Characters</Filter>
    </ClInclude>
    <ClInclude Include="Player.h">
      <Filter>Header Files\Objects\Characters</Filter>
    </ClInclude>
    <ClInclude Include="BombTrap.h">
      <Filter>Header Files\Objects\Traps</Filter>
    </ClInclude>
    <ClInclude Include="Drop.h">
      <Filter>Header Files\Objects\Drops</Filter>
    </ClInclude>
    <ClInclude Include="Gold.h">
      <Filter>Header Files\Objects\Drops</Filter>
    </ClInclude>
    <ClInclude Include="HPPotion.h">
      <Filter>Header Files\Objects\Drops</Filter>
    </ClInclude>
    <ClInclude Include="MPPotion.h">
      <Filter>Header Files\Objects\Drops</Filter>
    </ClInclude>
    <ClInclude Include="StateLogo.h">
      <Filter>Header Files\StateManager\States</Filter>
    </ClInclude>
    <ClInclude Include="StateWelcome.h">
      <Filter>Header Files\StateManager\States</Filter>
    </ClInclude>
    <ClInclude Include="Trap.h">
      <Filter>Header Files\Objects\Traps</Filter>
    </ClInclude>
    <ClInclude Include="SpikeTrap.h">
      <Filter>Header Files\Objects\Traps</Filter>
    </ClInclude>
    <ClInclude Include="Font.h">
      <Filter>Header Files\ResourceManager</Filter>
    </ClInclude>
    <ClInclude Include="Bar.h">
      <Filter>Header Files\Objects\UI</Filter>
    </ClInclude>
    <ClInclude Include="StateLoad.h">
      <Filter>Header Files\StateManager\States</Filter>
    </ClInclude>
    <ClInclude Include="MiniMap.h">
      <Filter>Header Files\Objects\UI</Filter>
    </ClInclude>
    <ClInclude Include="resource.h">
      <Filter>Header Files</Filter>
    </ClInclude>
    <ClInclude Include="Timer.h">
      <Filter>Header Files</Filter>
    </ClInclude>
    <ClInclude Include="ArrowTower.h">
      <Filter>Header Files\Objects\Traps</Filter>
    </ClInclude>
    <ClInclude Include="Chest.h">
      <Filter>Header Files\Objects\Traps</Filter>
    </ClInclude>
    <ClInclude Include="Arrow.h">
      <Filter>Header Files\StateManager\States</Filter>
    </ClInclude>
    <ClInclude Include="StateResult.h">
      <Filter>Header Files\StateManager\States</Filter>
    </ClInclude>
    <ClInclude Include="Goblin.h">
      <Filter>Header Files\Objects\Characters</Filter>
    </ClInclude>
    <ClInclude Include="RobotKnight.h">
      <Filter>Header Files\Objects\Characters</Filter>
    </ClInclude>
    <ClInclude Include="Skeleton.h">
      <Filter>Header Files\Objects\Characters</Filter>
    </ClInclude>
    <ClInclude Include="Witch.h">
      <Filter>Header Files\Objects\Characters</Filter>
    </ClInclude>
    <ClInclude Include="StateShop.h">
      <Filter>Header Files\StateManager\States</Filter>
    </ClInclude>
    <ClInclude Include="Glyph.h">
      <Filter>Header Files\ResourceManager</Filter>
    </ClInclude>
    <ClInclude Include="SkillFeatures.h">
      <Filter>Header Files\Objects\Skills</Filter>
    </ClInclude>
    <ClInclude Include="SkillId.h">
      <Filter>Header Files\Objects\Skills</Filter>
    </ClInclude>
    <ClInclude Include="Effect.h">
      <Filter>Header Files\Objects\Skills</Filter>
    </ClInclude>
    <ClInclude Include="CPlant.h">
      <Filter>Header Files\Objects\Characters</Filter>
    </ClInclude>
    <ClInclude Include="Frogman.h">
      <Filter>Header Files\Objects\Characters</Filter>
    </ClInclude>
    <ClInclude Include="Orcman.h">
      <Filter>Header Files\Objects\Characters</Filter>
    </ClInclude>
    <ClInclude Include="Decorations.h">
      <Filter>Header Files\Objects</Filter>
    </ClInclude>
    <ClInclude Include="Gate.h">
      <Filter>Header Files\Objects\Traps</Filter>
    </ClInclude>
    <ClInclude Include="Key.h">
      <Filter>Header Files\Objects\Drops</Filter>
    </ClInclude>
  </ItemGroup>
  <ItemGroup>
    <Text Include="..\Resources\States\R_LOGO.txt">
      <Filter>Resources\States</Filter>
    </Text>
    <Text Include="..\Resources\States\R_PLAY.txt">
      <Filter>Resources\States</Filter>
    </Text>
    <Text Include="..\Resources\States\R_WELCOME.txt">
      <Filter>Resources\States</Filter>
    </Text>
    <Text Include="..\Resources\States\S_LOGO.txt">
      <Filter>Resources\States</Filter>
    </Text>
    <Text Include="..\Resources\States\S_PLAY.txt">
      <Filter>Resources\States</Filter>
    </Text>
    <Text Include="..\Resources\States\S_WELCOME.txt">
      <Filter>Resources\States</Filter>
    </Text>
    <Text Include="..\Resources\States\R_LOAD.txt">
      <Filter>Resources\States</Filter>
    </Text>
    <Text Include="..\Resources\States\R_RESULT.txt">
      <Filter>Resources\States</Filter>
    </Text>
    <Text Include="..\Resources\States\R_SHOP.txt">
      <Filter>Resources\States</Filter>
    </Text>
    <Text Include="..\Resources\States\S_LOAD.txt">
      <Filter>Resources\States</Filter>
    </Text>
    <Text Include="..\Resources\States\S_RESULT.txt">
      <Filter>Resources\States</Filter>
    </Text>
    <Text Include="..\Resources\States\S_SHOP.txt">
      <Filter>Resources\States</Filter>
    </Text>
    <Text Include="..\Resources\States\SD_LOAD.txt">
      <Filter>Resources\States</Filter>
    </Text>
    <Text Include="..\Resources\States\SD_LOGO.txt">
      <Filter>Resources\States</Filter>
    </Text>
    <Text Include="..\Resources\States\SD_PLAY.txt">
      <Filter>Resources\States</Filter>
    </Text>
    <Text Include="..\Resources\States\SD_RESULT.txt">
      <Filter>Resources\States</Filter>
    </Text>
    <Text Include="..\Resources\States\SD_SHOP.txt">
      <Filter>Resources\States</Filter>
    </Text>
    <Text Include="..\Resources\States\SD_WELCOME.txt">
      <Filter>Resources\States</Filter>
    </Text>
  </ItemGroup>
  <ItemGroup>
    <ResourceCompile Include="TrainingFramework.rc">
      <Filter>Win32Res</Filter>
    </ResourceCompile>
  </ItemGroup>
  <ItemGroup>
    <None Include="..\Resources\Shaders\Logo.fs">
      <Filter>Resources\Shaders</Filter>
    </None>
    <None Include="..\Resources\Shaders\Logo.vs">
      <Filter>Resources\Shaders</Filter>
    </None>
    <None Include="..\Resources\Shaders\Sprite.fs">
      <Filter>Resources\Shaders</Filter>
    </None>
    <None Include="..\Resources\Shaders\Sprite.vs">
      <Filter>Resources\Shaders</Filter>
    </None>
    <None Include="..\Resources\Shaders\TextShader.fs">
      <Filter>Resources\Shaders</Filter>
    </None>
    <None Include="..\Resources\Shaders\TextShader.vs">
      <Filter>Resources\Shaders</Filter>
    </None>
  </ItemGroup>
</Project>